# This file was autogenerated by Stack.
# You should not edit this file by hand.
# For more information, please see the documentation at:
#   https://docs.haskellstack.org/en/stable/lock_files

packages:
- completed:
    hackage: symbols-0.3.0.0@sha256:5d051bccbd4bcb33fa8ce076bd3cd2bacc90973682f7340976758947eaa128a9,964
    pantry-tree:
      size: 529
      sha256: 06746077732f4d49d3277821303292314d51df9a63efecd47217fc0946233026
  original:
    hackage: symbols-0.3.0.0
- completed:
    size: 101450
    url: https://github.com/mstksg/vinyl/archive/6e22f9f0beef8af413abb0daf2b8cbed78431ecf.tar.gz
    cabal-file:
      size: 3790
      sha256: 6136e2608c2c4be0c112944fb0f5a6a0df56b50adec12eb1b7240258abfcf9b1
    name: vinyl
    version: 0.12.0
    sha256: 5c6817bdd91bd26fe3e47f2ff0a4693b627cd2286b89b0507793f211d0b94771
    pantry-tree:
      size: 2232
      sha256: 0422d4fdce722c58bc90e587f47c5bb4111561752b8e4aad0ce09dca3557de3d
  original:
    url: https://github.com/mstksg/vinyl/archive/6e22f9f0beef8af413abb0daf2b8cbed78431ecf.tar.gz
snapshots:
- completed:
    size: 426679
    url: https://raw.githubusercontent.com/commercialhaskell/stackage-snapshots/master/nightly/2019/11/25.yaml
    sha256: 0386877a4beff508b65a46fc6842109de6fd50ec2ee103e5746b83fa3723176e
  original: nightly-2019-11-25
