# This file was autogenerated by Stack.
# You should not edit this file by hand.
# For more information, please see the documentation at:
#   https://docs.haskellstack.org/en/stable/lock_files

packages:
- completed:
    hackage: symbols-0.3.0.0@sha256:5d051bccbd4bcb33fa8ce076bd3cd2bacc90973682f7340976758947eaa128a9,964
    pantry-tree:
      size: 529
      sha256: 06746077732f4d49d3277821303292314d51df9a63efecd47217fc0946233026
  original:
    hackage: symbols-0.3.0.0
- completed:
    hackage: vinyl-0.12.0@sha256:6136e2608c2c4be0c112944fb0f5a6a0df56b50adec12eb1b7240258abfcf9b1,3790
    pantry-tree:
      size: 1857
      sha256: aeb9e0e1a3bbe2b1f048a096430d240964a31c6936a1da89f4b32e931eba9d69
  original:
    hackage: vinyl-0.12.0
snapshots:
- completed:
    size: 426679
    url: https://raw.githubusercontent.com/commercialhaskell/stackage-snapshots/master/nightly/2019/11/25.yaml
    sha256: 0386877a4beff508b65a46fc6842109de6fd50ec2ee103e5746b83fa3723176e
  original: nightly-2019-11-25
